
Microsoft Visual Studio Solution File, Format Version 12.00
# Visual Studio Version 17
VisualStudioVersion = 17.5.33516.290
MinimumVisualStudioVersion = 10.0.40219.1
Project("{FAE04EC0-301F-11D3-BF4B-00C04F79EFBC}") = "Week9Lists", "Week9Lists\Week9Lists.csproj", "{9772682F-6F36-4D31-91F3-35833AC7FD12}"
EndProject
Global
	GlobalSection(SolutionConfigurationPlatforms) = preSolution
		Debug|Any CPU = Debug|Any CPU
		Release|Any CPU = Release|Any CPU
	EndGlobalSection
	GlobalSection(ProjectConfigurationPlatforms) = postSolution
		{9772682F-6F36-4D31-91F3-35833AC7FD12}.Debug|Any CPU.ActiveCfg = Debug|Any CPU
		{9772682F-6F36-4D31-91F3-35833AC7FD12}.Debug|Any CPU.Build.0 = Debug|Any CPU
		{9772682F-6F36-4D31-91F3-35833AC7FD12}.Release|Any CPU.ActiveCfg = Release|Any CPU
		{9772682F-6F36-4D31-91F3-35833AC7FD12}.Release|Any CPU.Build.0 = Release|Any CPU
	EndGlobalSection
	GlobalSection(SolutionProperties) = preSolution
		HideSolutionNode = FALSE
	EndGlobalSection
	GlobalSection(ExtensibilityGlobals) = postSolution
		SolutionGuid = {CCA1E62C-E5C1-4AC8-92C3-9F1BFA193C1B}
	EndGlobalSection
EndGlobal
